// !$*UTF8*$!
{
	archiveVersion = 1;
	classes = {
	};
	objectVersion = 50;
	objects = {

/* Begin PBXBuildFile section */
		145725AC21651F3D000BF359 /* AppDelegate.swift in Sources */ = {isa = PBXBuildFile; fileRef = 145725AB21651F3D000BF359 /* AppDelegate.swift */; };
		145725AE21651F3D000BF359 /* SearchViewController.swift in Sources */ = {isa = PBXBuildFile; fileRef = 145725AD21651F3D000BF359 /* SearchViewController.swift */; };
		145725B321651F42000BF359 /* Assets.xcassets in Resources */ = {isa = PBXBuildFile; fileRef = 145725B221651F42000BF359 /* Assets.xcassets */; };
		145725C0216529A3000BF359 /* SettingsViewController.swift in Sources */ = {isa = PBXBuildFile; fileRef = 145725BF216529A3000BF359 /* SettingsViewController.swift */; };
		2C533E2E217FB2C50039EF73 /* SearchBar.swift in Sources */ = {isa = PBXBuildFile; fileRef = 2C533E2D217FB2C50039EF73 /* SearchBar.swift */; };
		2C8CBF6621C19A4B006844C2 /* SearchCell.swift in Sources */ = {isa = PBXBuildFile; fileRef = 2C8CBF6521C19A4B006844C2 /* SearchCell.swift */; };
		2C8CBF6A21C1A784006844C2 /* like.png in Resources */ = {isa = PBXBuildFile; fileRef = 2C8CBF6921C1A784006844C2 /* like.png */; };
		2CA139D3216E9523003FC7F9 /* TabBarViewController.swift in Sources */ = {isa = PBXBuildFile; fileRef = 2CA139D2216E9523003FC7F9 /* TabBarViewController.swift */; };
		2CA139D6216E95E4003FC7F9 /* PopularPhotosViewController.swift in Sources */ = {isa = PBXBuildFile; fileRef = 2CA139D4216E95E4003FC7F9 /* PopularPhotosViewController.swift */; };
		2CA139D7216E95E4003FC7F9 /* SavedPhotosViewController.swift in Sources */ = {isa = PBXBuildFile; fileRef = 2CA139D5216E95E4003FC7F9 /* SavedPhotosViewController.swift */; };
		2CA139D9216E96FD003FC7F9 /* Constants.swift in Sources */ = {isa = PBXBuildFile; fileRef = 2CA139D8216E96FD003FC7F9 /* Constants.swift */; };
		2CA139DB216EA7E1003FC7F9 /* Default-568h@2x.png in Resources */ = {isa = PBXBuildFile; fileRef = 2CA139DA216EA7E1003FC7F9 /* Default-568h@2x.png */; };
/* End PBXBuildFile section */

/* Begin PBXFileReference section */
		145725A821651F3D000BF359 /* Flickr.app */ = {isa = PBXFileReference; explicitFileType = wrapper.application; includeInIndex = 0; path = Flickr.app; sourceTree = BUILT_PRODUCTS_DIR; };
		145725AB21651F3D000BF359 /* AppDelegate.swift */ = {isa = PBXFileReference; lastKnownFileType = sourcecode.swift; path = AppDelegate.swift; sourceTree = "<group>"; };
		145725AD21651F3D000BF359 /* SearchViewController.swift */ = {isa = PBXFileReference; lastKnownFileType = sourcecode.swift; path = SearchViewController.swift; sourceTree = "<group>"; };
		145725B221651F42000BF359 /* Assets.xcassets */ = {isa = PBXFileReference; lastKnownFileType = folder.assetcatalog; path = Assets.xcassets; sourceTree = "<group>"; };
		145725B721651F42000BF359 /* Info.plist */ = {isa = PBXFileReference; lastKnownFileType = text.plist.xml; path = Info.plist; sourceTree = "<group>"; };
		145725BF216529A3000BF359 /* SettingsViewController.swift */ = {isa = PBXFileReference; lastKnownFileType = sourcecode.swift; path = SettingsViewController.swift; sourceTree = "<group>"; };
		2C533E2D217FB2C50039EF73 /* SearchBar.swift */ = {isa = PBXFileReference; lastKnownFileType = sourcecode.swift; path = SearchBar.swift; sourceTree = "<group>"; };
		2C8CBF6521C19A4B006844C2 /* SearchCell.swift */ = {isa = PBXFileReference; lastKnownFileType = sourcecode.swift; path = SearchCell.swift; sourceTree = "<group>"; };
		2C8CBF6921C1A784006844C2 /* like.png */ = {isa = PBXFileReference; lastKnownFileType = image.png; path = like.png; sourceTree = "<group>"; };
		2CA139D2216E9523003FC7F9 /* TabBarViewController.swift */ = {isa = PBXFileReference; lastKnownFileType = sourcecode.swift; path = TabBarViewController.swift; sourceTree = "<group>"; };
		2CA139D4216E95E4003FC7F9 /* PopularPhotosViewController.swift */ = {isa = PBXFileReference; fileEncoding = 4; lastKnownFileType = sourcecode.swift; path = PopularPhotosViewController.swift; sourceTree = "<group>"; };
		2CA139D5216E95E4003FC7F9 /* SavedPhotosViewController.swift */ = {isa = PBXFileReference; fileEncoding = 4; lastKnownFileType = sourcecode.swift; path = SavedPhotosViewController.swift; sourceTree = "<group>"; };
		2CA139D8216E96FD003FC7F9 /* Constants.swift */ = {isa = PBXFileReference; lastKnownFileType = sourcecode.swift; path = Constants.swift; sourceTree = "<group>"; };
		2CA139DA216EA7E1003FC7F9 /* Default-568h@2x.png */ = {isa = PBXFileReference; lastKnownFileType = image.png; path = "Default-568h@2x.png"; sourceTree = "<group>"; };
/* End PBXFileReference section */

/* Begin PBXFrameworksBuildPhase section */
		145725A521651F3D000BF359 /* Frameworks */ = {
			isa = PBXFrameworksBuildPhase;
			buildActionMask = 2147483647;
			files = (
			);
			runOnlyForDeploymentPostprocessing = 0;
		};
/* End PBXFrameworksBuildPhase section */

/* Begin PBXGroup section */
		1457259F21651F3D000BF359 = {
			isa = PBXGroup;
			children = (
				2CA139DA216EA7E1003FC7F9 /* Default-568h@2x.png */,
				145725AA21651F3D000BF359 /* Flickr */,
				145725A921651F3D000BF359 /* Products */,
			);
			sourceTree = "<group>";
		};
		145725A921651F3D000BF359 /* Products */ = {
			isa = PBXGroup;
			children = (
				145725A821651F3D000BF359 /* Flickr.app */,
			);
			name = Products;
			sourceTree = "<group>";
		};
		145725AA21651F3D000BF359 /* Flickr */ = {
			isa = PBXGroup;
			children = (
				2CA139D8216E96FD003FC7F9 /* Constants.swift */,
				145725AB21651F3D000BF359 /* AppDelegate.swift */,
				2C8CBF6921C1A784006844C2 /* like.png */,
				2C8CBF6421C199FE006844C2 /* Cell */,
				2C533E2C217FB2AD0039EF73 /* View */,
				145725BE21652742000BF359 /* ViewControllers */,
				145725B221651F42000BF359 /* Assets.xcassets */,
				145725B721651F42000BF359 /* Info.plist */,
			);
			path = Flickr;
			sourceTree = "<group>";
		};
		145725BE21652742000BF359 /* ViewControllers */ = {
			isa = PBXGroup;
			children = (
				2CA139D4216E95E4003FC7F9 /* PopularPhotosViewController.swift */,
				2CA139D5216E95E4003FC7F9 /* SavedPhotosViewController.swift */,
				145725AD21651F3D000BF359 /* SearchViewController.swift */,
				145725BF216529A3000BF359 /* SettingsViewController.swift */,
				2CA139D2216E9523003FC7F9 /* TabBarViewController.swift */,
			);
			path = ViewControllers;
			sourceTree = "<group>";
		};
		2C533E2C217FB2AD0039EF73 /* View */ = {
			isa = PBXGroup;
			children = (
				2C533E2D217FB2C50039EF73 /* SearchBar.swift */,
			);
			path = View;
			sourceTree = "<group>";
		};
		2C8CBF6421C199FE006844C2 /* Cell */ = {
			isa = PBXGroup;
			children = (
				2C8CBF6521C19A4B006844C2 /* SearchCell.swift */,
			);
			path = Cell;
			sourceTree = "<group>";
		};
/* End PBXGroup section */

/* Begin PBXNativeTarget section */
		145725A721651F3D000BF359 /* Flickr */ = {
			isa = PBXNativeTarget;
			buildConfigurationList = 145725BA21651F42000BF359 /* Build configuration list for PBXNativeTarget "Flickr" */;
			buildPhases = (
				145725A421651F3D000BF359 /* Sources */,
				145725A521651F3D000BF359 /* Frameworks */,
				145725A621651F3D000BF359 /* Resources */,
			);
			buildRules = (
			);
			dependencies = (
			);
			name = Flickr;
			productName = Flickr;
			productReference = 145725A821651F3D000BF359 /* Flickr.app */;
			productType = "com.apple.product-type.application";
		};
/* End PBXNativeTarget section */

/* Begin PBXProject section */
		145725A021651F3D000BF359 /* Project object */ = {
			isa = PBXProject;
			attributes = {
				LastSwiftUpdateCheck = 1000;
				LastUpgradeCheck = 1000;
				ORGANIZATIONNAME = "Константин Богданов";
				TargetAttributes = {
					145725A721651F3D000BF359 = {
						CreatedOnToolsVersion = 10.0;
					};
				};
			};
			buildConfigurationList = 145725A321651F3D000BF359 /* Build configuration list for PBXProject "Flickr" */;
			compatibilityVersion = "Xcode 9.3";
			developmentRegion = en;
			hasScannedForEncodings = 0;
			knownRegions = (
				en,
				Base,
			);
			mainGroup = 1457259F21651F3D000BF359;
			productRefGroup = 145725A921651F3D000BF359 /* Products */;
			projectDirPath = "";
			projectRoot = "";
			targets = (
				145725A721651F3D000BF359 /* Flickr */,
			);
		};
/* End PBXProject section */

/* Begin PBXResourcesBuildPhase section */
		145725A621651F3D000BF359 /* Resources */ = {
			isa = PBXResourcesBuildPhase;
			buildActionMask = 2147483647;
			files = (
				145725B321651F42000BF359 /* Assets.xcassets in Resources */,
				2CA139DB216EA7E1003FC7F9 /* Default-568h@2x.png in Resources */,
				2C8CBF6A21C1A784006844C2 /* like.png in Resources */,
			);
			runOnlyForDeploymentPostprocessing = 0;
		};
/* End PBXResourcesBuildPhase section */

/* Begin PBXSourcesBuildPhase section */
		145725A421651F3D000BF359 /* Sources */ = {
			isa = PBXSourcesBuildPhase;
			buildActionMask = 2147483647;
			files = (
				145725AE21651F3D000BF359 /* SearchViewController.swift in Sources */,
				145725AC21651F3D000BF359 /* AppDelegate.swift in Sources */,
				2CA139D3216E9523003FC7F9 /* TabBarViewController.swift in Sources */,
				2CA139D9216E96FD003FC7F9 /* Constants.swift in Sources */,
				2C8CBF6621C19A4B006844C2 /* SearchCell.swift in Sources */,
				2CA139D7216E95E4003FC7F9 /* SavedPhotosViewController.swift in Sources */,
				2C533E2E217FB2C50039EF73 /* SearchBar.swift in Sources */,
				145725C0216529A3000BF359 /* SettingsViewController.swift in Sources */,
				2CA139D6216E95E4003FC7F9 /* PopularPhotosViewController.swift in Sources */,
			);
			runOnlyForDeploymentPostprocessing = 0;
		};
/* End PBXSourcesBuildPhase section */

/* Begin XCBuildConfiguration section */
		145725B821651F42000BF359 /* Debug */ = {
			isa = XCBuildConfiguration;
			buildSettings = {
				ALWAYS_SEARCH_USER_PATHS = NO;
				CLANG_ANALYZER_NONNULL = YES;
				CLANG_ANALYZER_NUMBER_OBJECT_CONVERSION = YES_AGGRESSIVE;
				CLANG_CXX_LANGUAGE_STANDARD = "gnu++14";
				CLANG_CXX_LIBRARY = "libc++";
				CLANG_ENABLE_MODULES = YES;
				CLANG_ENABLE_OBJC_ARC = YES;
				CLANG_ENABLE_OBJC_WEAK = YES;
				CLANG_WARN_BLOCK_CAPTURE_AUTORELEASING = YES;
				CLANG_WARN_BOOL_CONVERSION = YES;
				CLANG_WARN_COMMA = YES;
				CLANG_WARN_CONSTANT_CONVERSION = YES;
				CLANG_WARN_DEPRECATED_OBJC_IMPLEMENTATIONS = YES;
				CLANG_WARN_DIRECT_OBJC_ISA_USAGE = YES_ERROR;
				CLANG_WARN_DOCUMENTATION_COMMENTS = YES;
				CLANG_WARN_EMPTY_BODY = YES;
				CLANG_WARN_ENUM_CONVERSION = YES;
				CLANG_WARN_INFINITE_RECURSION = YES;
				CLANG_WARN_INT_CONVERSION = YES;
				CLANG_WARN_NON_LITERAL_NULL_CONVERSION = YES;
				CLANG_WARN_OBJC_IMPLICIT_RETAIN_SELF = YES;
				CLANG_WARN_OBJC_LITERAL_CONVERSION = YES;
				CLANG_WARN_OBJC_ROOT_CLASS = YES_ERROR;
				CLANG_WARN_RANGE_LOOP_ANALYSIS = YES;
				CLANG_WARN_STRICT_PROTOTYPES = YES;
				CLANG_WARN_SUSPICIOUS_MOVE = YES;
				CLANG_WARN_UNGUARDED_AVAILABILITY = YES_AGGRESSIVE;
				CLANG_WARN_UNREACHABLE_CODE = YES;
				CLANG_WARN__DUPLICATE_METHOD_MATCH = YES;
				CODE_SIGN_IDENTITY = "iPhone Developer";
				COPY_PHASE_STRIP = NO;
				DEBUG_INFORMATION_FORMAT = dwarf;
				ENABLE_STRICT_OBJC_MSGSEND = YES;
				ENABLE_TESTABILITY = YES;
				GCC_C_LANGUAGE_STANDARD = gnu11;
				GCC_DYNAMIC_NO_PIC = NO;
				GCC_NO_COMMON_BLOCKS = YES;
				GCC_OPTIMIZATION_LEVEL = 0;
				GCC_PREPROCESSOR_DEFINITIONS = (
					"DEBUG=1",
					"$(inherited)",
				);
				GCC_WARN_64_TO_32_BIT_CONVERSION = YES;
				GCC_WARN_ABOUT_RETURN_TYPE = YES_ERROR;
				GCC_WARN_UNDECLARED_SELECTOR = YES;
				GCC_WARN_UNINITIALIZED_AUTOS = YES_AGGRESSIVE;
				GCC_WARN_UNUSED_FUNCTION = YES;
				GCC_WARN_UNUSED_VARIABLE = YES;
				IPHONEOS_DEPLOYMENT_TARGET = 12.0;
				MTL_ENABLE_DEBUG_INFO = INCLUDE_SOURCE;
				MTL_FAST_MATH = YES;
				ONLY_ACTIVE_ARCH = YES;
				SDKROOT = iphoneos;
				SWIFT_ACTIVE_COMPILATION_CONDITIONS = DEBUG;
				SWIFT_OPTIMIZATION_LEVEL = "-Onone";
			};
			name = Debug;
		};
		145725B921651F42000BF359 /* Release */ = {
			isa = XCBuildConfiguration;
			buildSettings = {
				ALWAYS_SEARCH_USER_PATHS = NO;
				CLANG_ANALYZER_NONNULL = YES;
				CLANG_ANALYZER_NUMBER_OBJECT_CONVERSION = YES_AGGRESSIVE;
				CLANG_CXX_LANGUAGE_STANDARD = "gnu++14";
				CLANG_CXX_LIBRARY = "libc++";
				CLANG_ENABLE_MODULES = YES;
				CLANG_ENABLE_OBJC_ARC = YES;
				CLANG_ENABLE_OBJC_WEAK = YES;
				CLANG_WARN_BLOCK_CAPTURE_AUTORELEASING = YES;
				CLANG_WARN_BOOL_CONVERSION = YES;
				CLANG_WARN_COMMA = YES;
				CLANG_WARN_CONSTANT_CONVERSION = YES;
				CLANG_WARN_DEPRECATED_OBJC_IMPLEMENTATIONS = YES;
				CLANG_WARN_DIRECT_OBJC_ISA_USAGE = YES_ERROR;
				CLANG_WARN_DOCUMENTATION_COMMENTS = YES;
				CLANG_WARN_EMPTY_BODY = YES;
				CLANG_WARN_ENUM_CONVERSION = YES;
				CLANG_WARN_INFINITE_RECURSION = YES;
				CLANG_WARN_INT_CONVERSION = YES;
				CLANG_WARN_NON_LITERAL_NULL_CONVERSION = YES;
				CLANG_WARN_OBJC_IMPLICIT_RETAIN_SELF = YES;
				CLANG_WARN_OBJC_LITERAL_CONVERSION = YES;
				CLANG_WARN_OBJC_ROOT_CLASS = YES_ERROR;
				CLANG_WARN_RANGE_LOOP_ANALYSIS = YES;
				CLANG_WARN_STRICT_PROTOTYPES = YES;
				CLANG_WARN_SUSPICIOUS_MOVE = YES;
				CLANG_WARN_UNGUARDED_AVAILABILITY = YES_AGGRESSIVE;
				CLANG_WARN_UNREACHABLE_CODE = YES;
				CLANG_WARN__DUPLICATE_METHOD_MATCH = YES;
				CODE_SIGN_IDENTITY = "iPhone Developer";
				COPY_PHASE_STRIP = NO;
				DEBUG_INFORMATION_FORMAT = "dwarf-with-dsym";
				ENABLE_NS_ASSERTIONS = NO;
				ENABLE_STRICT_OBJC_MSGSEND = YES;
				GCC_C_LANGUAGE_STANDARD = gnu11;
				GCC_NO_COMMON_BLOCKS = YES;
				GCC_WARN_64_TO_32_BIT_CONVERSION = YES;
				GCC_WARN_ABOUT_RETURN_TYPE = YES_ERROR;
				GCC_WARN_UNDECLARED_SELECTOR = YES;
				GCC_WARN_UNINITIALIZED_AUTOS = YES_AGGRESSIVE;
				GCC_WARN_UNUSED_FUNCTION = YES;
				GCC_WARN_UNUSED_VARIABLE = YES;
				IPHONEOS_DEPLOYMENT_TARGET = 12.0;
				MTL_ENABLE_DEBUG_INFO = NO;
				MTL_FAST_MATH = YES;
				SDKROOT = iphoneos;
				SWIFT_COMPILATION_MODE = wholemodule;
				SWIFT_OPTIMIZATION_LEVEL = "-O";
				VALIDATE_PRODUCT = YES;
			};
			name = Release;
		};
		145725BB21651F42000BF359 /* Debug */ = {
			isa = XCBuildConfiguration;
			buildSettings = {
				ASSETCATALOG_COMPILER_APPICON_NAME = AppIcon;
				CODE_SIGN_STYLE = Automatic;
				DEVELOPMENT_TEAM = "";
				INFOPLIST_FILE = Flickr/Info.plist;
				LD_RUNPATH_SEARCH_PATHS = (
					"$(inherited)",
					"@executable_path/Frameworks",
				);
				PRODUCT_BUNDLE_IDENTIFIER = devCourseIdentifier.Flickr;
				PRODUCT_NAME = "$(TARGET_NAME)";
				SWIFT_VERSION = 4.2;
				TARGETED_DEVICE_FAMILY = "1,2";
			};
			name = Debug;
		};
		145725BC21651F42000BF359 /* Release */ = {
			isa = XCBuildConfiguration;
			buildSettings = {
				ASSETCATALOG_COMPILER_APPICON_NAME = AppIcon;
				CODE_SIGN_STYLE = Automatic;
				DEVELOPMENT_TEAM = "";
				INFOPLIST_FILE = Flickr/Info.plist;
				LD_RUNPATH_SEARCH_PATHS = (
					"$(inherited)",
					"@executable_path/Frameworks",
				);
				PRODUCT_BUNDLE_IDENTIFIER = devCourseIdentifier.Flickr;
				PRODUCT_NAME = "$(TARGET_NAME)";
				SWIFT_VERSION = 4.2;
				TARGETED_DEVICE_FAMILY = "1,2";
			};
			name = Release;
		};
/* End XCBuildConfiguration section */

/* Begin XCConfigurationList section */
		145725A321651F3D000BF359 /* Build configuration list for PBXProject "Flickr" */ = {
			isa = XCConfigurationList;
			buildConfigurations = (
				145725B821651F42000BF359 /* Debug */,
				145725B921651F42000BF359 /* Release */,
			);
			defaultConfigurationIsVisible = 0;
			defaultConfigurationName = Release;
		};
		145725BA21651F42000BF359 /* Build configuration list for PBXNativeTarget "Flickr" */ = {
			isa = XCConfigurationList;
			buildConfigurations = (
				145725BB21651F42000BF359 /* Debug */,
				145725BC21651F42000BF359 /* Release */,
			);
			defaultConfigurationIsVisible = 0;
			defaultConfigurationName = Release;
		};
/* End XCConfigurationList section */
	};
	rootObject = 145725A021651F3D000BF359 /* Project object */;
}
